
Microsoft Visual Studio Solution File, Format Version 12.00
# Visual Studio Version 17
VisualStudioVersion = 17.10.35122.118
MinimumVisualStudioVersion = 10.0.40219.1
Project("{9A19103F-16F7-4668-BE54-9A1E7A4F7556}") = "CommunicationModule", "CommunicationModule\CommunicationModule.csproj", "{FC0B868E-7673-4160-9AEC-85731D6CCD5E}"
EndProject
Project("{FAE04EC0-301F-11D3-BF4B-00C04F79EFBC}") = "Communicator", "Communicator\Communicator.csproj", "{E9E54945-6C79-4605-9B57-423076DADC4D}"
EndProject
Global
	GlobalSection(SolutionConfigurationPlatforms) = preSolution
		Debug|Any CPU = Debug|Any CPU
		Release|Any CPU = Release|Any CPU
	EndGlobalSection
	GlobalSection(ProjectConfigurationPlatforms) = postSolution
		{FC0B868E-7673-4160-9AEC-85731D6CCD5E}.Debug|Any CPU.ActiveCfg = Debug|Any CPU
		{FC0B868E-7673-4160-9AEC-85731D6CCD5E}.Debug|Any CPU.Build.0 = Debug|Any CPU
		{FC0B868E-7673-4160-9AEC-85731D6CCD5E}.Release|Any CPU.ActiveCfg = Release|Any CPU
		{FC0B868E-7673-4160-9AEC-85731D6CCD5E}.Release|Any CPU.Build.0 = Release|Any CPU
		{E9E54945-6C79-4605-9B57-423076DADC4D}.Debug|Any CPU.ActiveCfg = Debug|Any CPU
		{E9E54945-6C79-4605-9B57-423076DADC4D}.Debug|Any CPU.Build.0 = Debug|Any CPU
		{E9E54945-6C79-4605-9B57-423076DADC4D}.Release|Any CPU.ActiveCfg = Release|Any CPU
		{E9E54945-6C79-4605-9B57-423076DADC4D}.Release|Any CPU.Build.0 = Release|Any CPU
	EndGlobalSection
	GlobalSection(SolutionProperties) = preSolution
		HideSolutionNode = FALSE
	EndGlobalSection
	GlobalSection(ExtensibilityGlobals) = postSolution
		SolutionGuid = {FD5B9699-C03A-42CE-96AB-4ED63B8346DD}
	EndGlobalSection
EndGlobal
